
Microsoft Visual Studio Solution File, Format Version 11.00
# Visual Studio 2010
Project("{FAE04EC0-301F-11D3-BF4B-00C04F79EFBC}") = "Assembly-CSharp", "Assembly-CSharp.csproj", "{a56b2958-9765-e15a-3f55-16cea56f0519}"
EndProject
Project("{FAE04EC0-301F-11D3-BF4B-00C04F79EFBC}") = "Assembly-CSharp-Editor", "Assembly-CSharp-Editor.csproj", "{290d7534-a880-e6ad-4240-9e022d5f8f8b}"
EndProject
Global
	GlobalSection(SolutionConfigurationPlatforms) = preSolution
		Debug|Any CPU = Debug|Any CPU
		Release|Any CPU = Release|Any CPU
	EndGlobalSection
	GlobalSection(ProjectConfigurationPlatforms) = postSolution
		{a56b2958-9765-e15a-3f55-16cea56f0519}.Debug|Any CPU.ActiveCfg = Debug|Any CPU
		{a56b2958-9765-e15a-3f55-16cea56f0519}.Debug|Any CPU.Build.0 = Debug|Any CPU
		{a56b2958-9765-e15a-3f55-16cea56f0519}.Release|Any CPU.ActiveCfg = Release|Any CPU
		{a56b2958-9765-e15a-3f55-16cea56f0519}.Release|Any CPU.Build.0 = Release|Any CPU
		{290d7534-a880-e6ad-4240-9e022d5f8f8b}.Debug|Any CPU.ActiveCfg = Debug|Any CPU
		{290d7534-a880-e6ad-4240-9e022d5f8f8b}.Debug|Any CPU.Build.0 = Debug|Any CPU
		{290d7534-a880-e6ad-4240-9e022d5f8f8b}.Release|Any CPU.ActiveCfg = Release|Any CPU
		{290d7534-a880-e6ad-4240-9e022d5f8f8b}.Release|Any CPU.Build.0 = Release|Any CPU
	EndGlobalSection
	GlobalSection(SolutionProperties) = preSolution
		HideSolutionNode = FALSE
	EndGlobalSection
EndGlobal
